<?xml version="1.0" encoding="utf-8"?>
<Project ToolsVersion="4.0" xmlns="http://schemas.microsoft.com/developer/msbuild/2003">
  <ItemGroup>
    <Filter Include="Source Files">
      <UniqueIdentifier>{4FC737F1-C7A5-4376-A066-2A32D752A2FF}</UniqueIdentifier>
      <Extensions>cpp;c;cc;cxx;def;odl;idl;hpj;bat;asm;asmx</Extensions>
    </Filter>
    <Filter Include="Header Files">
      <UniqueIdentifier>{93995380-89BD-4b04-88EB-625FBE52EBFB}</UniqueIdentifier>
      <Extensions>h;hpp;hxx;hm;inl;inc;xsd</Extensions>
    </Filter>
    <Filter Include="Resource Files">
      <UniqueIdentifier>{67DA6AB6-F800-4c08-8B7A-83BB121AAD01}</UniqueIdentifier>
      <Extensions>rc;ico;cur;bmp;dlg;rc2;rct;bin;rgs;gif;jpg;jpeg;jpe;resx;tiff;tif;png;wav</Extensions>
    </Filter>
    <Filter Include="HTML Help Files">
      <UniqueIdentifier>{47d0f067-1b87-4e8c-99fe-0e80443032e9}</UniqueIdentifier>
      <Extensions>hhp;hhc;hhk;gif;jpg</Extensions>
    </Filter>
    <Filter Include="HTML Help Topics">
      <UniqueIdentifier>{04104ce2-1fff-4707-b182-e198f4ed7dac}</UniqueIdentifier>
      <Extensions>htm;html</Extensions>
    </Filter>
  </ItemGroup>
  <ItemGroup>
    <ClCompile Include="ImagePropDlg.cpp">
      <Filter>Source Files</Filter>
    </ClCompile>
    <ClCompile Include="LeftView.cpp">
      <Filter>Source Files</Filter>
    </ClCompile>
    <ClCompile Include="LinkPropDlg.cpp">
      <Filter>Source Files</Filter>
    </ClCompile>
    <ClCompile Include="MainFrm.cpp">
      <Filter>Source Files</Filter>
    </ClCompile>
    <ClCompile Include="NodePropDlg.cpp">
      <Filter>Source Files</Filter>
    </ClCompile>
    <ClCompile Include="spaceclassdlg.cpp">
      <Filter>Source Files</Filter>
    </ClCompile>
    <ClCompile Include="spaceoptdlg.cpp">
      <Filter>Source Files</Filter>
    </ClCompile>
    <ClCompile Include="spacepropdlg.cpp">
      <Filter>Source Files</Filter>
    </ClCompile>
    <ClCompile Include="SpaceTreeView.cpp">
      <Filter>Source Files</Filter>
    </ClCompile>
    <ClCompile Include="stdafx.cpp">
      <Filter>Source Files</Filter>
    </ClCompile>
    <ClCompile Include="theWheel.cpp">
      <Filter>Source Files</Filter>
    </ClCompile>
    <ClCompile Include="theWheelDoc.cpp">
      <Filter>Source Files</Filter>
    </ClCompile>
    <ClCompile Include="theWheelView.cpp">
      <Filter>Source Files</Filter>
    </ClCompile>
    <ClCompile Include="TreeMenuCtrl.cpp">
      <Filter>Source Files</Filter>
    </ClCompile>
  </ItemGroup>
  <ItemGroup>
    <ClInclude Include="imagepropdlg.h">
      <Filter>Header Files</Filter>
    </ClInclude>
    <ClInclude Include="LeftView.h">
      <Filter>Header Files</Filter>
    </ClInclude>
    <ClInclude Include="linkpropdlg.h">
      <Filter>Header Files</Filter>
    </ClInclude>
    <ClInclude Include="MainFrm.h">
      <Filter>Header Files</Filter>
    </ClInclude>
    <ClInclude Include="NodePropDlg.h">
      <Filter>Header Files</Filter>
    </ClInclude>
    <ClInclude Include="spaceclassdlg.h">
      <Filter>Header Files</Filter>
    </ClInclude>
    <ClInclude Include="spaceoptdlg.h">
      <Filter>Header Files</Filter>
    </ClInclude>
    <ClInclude Include="spacepropdlg.h">
      <Filter>Header Files</Filter>
    </ClInclude>
    <ClInclude Include="SpaceTreeView.h">
      <Filter>Header Files</Filter>
    </ClInclude>
    <ClInclude Include="stdafx.h">
      <Filter>Header Files</Filter>
    </ClInclude>
    <ClInclude Include="theWheel.h">
      <Filter>Header Files</Filter>
    </ClInclude>
    <ClInclude Include="theWheelDoc.h">
      <Filter>Header Files</Filter>
    </ClInclude>
    <ClInclude Include="theWheelView.h">
      <Filter>Header Files</Filter>
    </ClInclude>
    <ClInclude Include="TreeMenuCtrl.h">
      <Filter>Header Files</Filter>
    </ClInclude>
  </ItemGroup>
  <ItemGroup>
    <Image Include="hlp\Images\Bullet.gif">
      <Filter>Resource Files</Filter>
    </Image>
    <Image Include="res\node.bmp">
      <Filter>Resource Files</Filter>
    </Image>
    <Image Include="res\space.bmp">
      <Filter>Resource Files</Filter>
    </Image>
    <Image Include="res\theWheel.ico">
      <Filter>Resource Files</Filter>
    </Image>
    <Image Include="res\theWheelDoc.ico">
      <Filter>Resource Files</Filter>
    </Image>
    <Image Include="res\Toolbar.bmp">
      <Filter>Resource Files</Filter>
    </Image>
  </ItemGroup>
  <ItemGroup>
    <ResourceCompile Include="theWheel.rc">
      <Filter>Resource Files</Filter>
    </ResourceCompile>
  </ItemGroup>
  <ItemGroup>
    <None Include="res\theWheel.rc2">
      <Filter>Resource Files</Filter>
    </None>
    <None Include="hlp\theWheel.hhc">
      <Filter>HTML Help Files</Filter>
    </None>
    <None Include="hlp\theWheel.hhk">
      <Filter>HTML Help Files</Filter>
    </None>
    <None Include="hlp\afx_hidd_color.htm">
      <Filter>HTML Help Topics</Filter>
    </None>
    <None Include="hlp\afx_hidd_fileopen.htm">
      <Filter>HTML Help Topics</Filter>
    </None>
    <None Include="hlp\afx_hidd_filesave.htm">
      <Filter>HTML Help Topics</Filter>
    </None>
    <None Include="hlp\afx_hidd_find.htm">
      <Filter>HTML Help Topics</Filter>
    </None>
    <None Include="hlp\afx_hidd_font.htm">
      <Filter>HTML Help Topics</Filter>
    </None>
    <None Include="hlp\afx_hidd_newtypedlg.htm">
      <Filter>HTML Help Topics</Filter>
    </None>
    <None Include="hlp\afx_hidd_replace.htm">
      <Filter>HTML Help Topics</Filter>
    </None>
    <None Include="hlp\afx_hidp_default.htm">
      <Filter>HTML Help Topics</Filter>
    </None>
    <None Include="hlp\afx_hidw_dockbar_top.htm">
      <Filter>HTML Help Topics</Filter>
    </None>
    <None Include="hlp\afx_hidw_status_bar.htm">
      <Filter>HTML Help Topics</Filter>
    </None>
    <None Include="hlp\afx_hidw_toolbar.htm">
      <Filter>HTML Help Topics</Filter>
    </None>
    <None Include="hlp\hid_app_about.htm">
      <Filter>HTML Help Topics</Filter>
    </None>
    <None Include="hlp\hid_app_exit.htm">
      <Filter>HTML Help Topics</Filter>
    </None>
    <None Include="hlp\hid_context_help.htm">
      <Filter>HTML Help Topics</Filter>
    </None>
    <None Include="hlp\hid_edit_clear.htm">
      <Filter>HTML Help Topics</Filter>
    </None>
    <None Include="hlp\hid_edit_clear_all.htm">
      <Filter>HTML Help Topics</Filter>
    </None>
    <None Include="hlp\hid_edit_copy.htm">
      <Filter>HTML Help Topics</Filter>
    </None>
    <None Include="hlp\hid_edit_cut.htm">
      <Filter>HTML Help Topics</Filter>
    </None>
    <None Include="hlp\hid_edit_find.htm">
      <Filter>HTML Help Topics</Filter>
    </None>
    <None Include="hlp\hid_edit_paste.htm">
      <Filter>HTML Help Topics</Filter>
    </None>
    <None Include="hlp\hid_edit_redo.htm">
      <Filter>HTML Help Topics</Filter>
    </None>
    <None Include="hlp\hid_edit_repeat.htm">
      <Filter>HTML Help Topics</Filter>
    </None>
    <None Include="hlp\hid_edit_replace.htm">
      <Filter>HTML Help Topics</Filter>
    </None>
    <None Include="hlp\hid_edit_undo.htm">
      <Filter>HTML Help Topics</Filter>
    </None>
    <None Include="hlp\hid_file_close.htm">
      <Filter>HTML Help Topics</Filter>
    </None>
    <None Include="hlp\hid_file_mru_file1.htm">
      <Filter>HTML Help Topics</Filter>
    </None>
    <None Include="hlp\hid_file_new.htm">
      <Filter>HTML Help Topics</Filter>
    </None>
    <None Include="hlp\hid_file_open.htm">
      <Filter>HTML Help Topics</Filter>
    </None>
    <None Include="hlp\hid_file_save.htm">
      <Filter>HTML Help Topics</Filter>
    </None>
    <None Include="hlp\hid_file_save_as.htm">
      <Filter>HTML Help Topics</Filter>
    </None>
    <None Include="hlp\hid_file_send_mail.htm">
      <Filter>HTML Help Topics</Filter>
    </None>
    <None Include="hlp\hid_help_index.htm">
      <Filter>HTML Help Topics</Filter>
    </None>
    <None Include="hlp\hid_help_using.htm">
      <Filter>HTML Help Topics</Filter>
    </None>
    <None Include="hlp\hid_ht_caption.htm">
      <Filter>HTML Help Topics</Filter>
    </None>
    <None Include="hlp\hid_ht_nowhere.htm">
      <Filter>HTML Help Topics</Filter>
    </None>
    <None Include="hlp\hid_next_pane.htm">
      <Filter>HTML Help Topics</Filter>
    </None>
    <None Include="hlp\hid_prev_pane.htm">
      <Filter>HTML Help Topics</Filter>
    </None>
    <None Include="hlp\hid_sc_close.htm">
      <Filter>HTML Help Topics</Filter>
    </None>
    <None Include="hlp\hid_sc_maximize.htm">
      <Filter>HTML Help Topics</Filter>
    </None>
    <None Include="hlp\hid_sc_minimize.htm">
      <Filter>HTML Help Topics</Filter>
    </None>
    <None Include="hlp\hid_sc_move.htm">
      <Filter>HTML Help Topics</Filter>
    </None>
    <None Include="hlp\hid_sc_nextwindow.htm">
      <Filter>HTML Help Topics</Filter>
    </None>
    <None Include="hlp\hid_sc_prevwindow.htm">
      <Filter>HTML Help Topics</Filter>
    </None>
    <None Include="hlp\hid_sc_restore.htm">
      <Filter>HTML Help Topics</Filter>
    </None>
    <None Include="hlp\hid_sc_size.htm">
      <Filter>HTML Help Topics</Filter>
    </None>
    <None Include="hlp\hid_sc_tasklist.htm">
      <Filter>HTML Help Topics</Filter>
    </None>
    <None Include="hlp\hid_view_ruler.htm">
      <Filter>HTML Help Topics</Filter>
    </None>
    <None Include="hlp\hid_view_status_bar.htm">
      <Filter>HTML Help Topics</Filter>
    </None>
    <None Include="hlp\hid_view_toolbar.htm">
      <Filter>HTML Help Topics</Filter>
    </None>
    <None Include="hlp\hid_window_all.htm">
      <Filter>HTML Help Topics</Filter>
    </None>
    <None Include="hlp\hid_window_arrange.htm">
      <Filter>HTML Help Topics</Filter>
    </None>
    <None Include="hlp\hid_window_cascade.htm">
      <Filter>HTML Help Topics</Filter>
    </None>
    <None Include="hlp\hid_window_new.htm">
      <Filter>HTML Help Topics</Filter>
    </None>
    <None Include="hlp\hid_window_split.htm">
      <Filter>HTML Help Topics</Filter>
    </None>
    <None Include="hlp\hid_window_tile.htm">
      <Filter>HTML Help Topics</Filter>
    </None>
    <None Include="hlp\hid_window_tile_horz.htm">
      <Filter>HTML Help Topics</Filter>
    </None>
    <None Include="hlp\hid_window_tile_vert.htm">
      <Filter>HTML Help Topics</Filter>
    </None>
    <None Include="hlp\hidr_doc1type.htm">
      <Filter>HTML Help Topics</Filter>
    </None>
    <None Include="hlp\main_index.htm">
      <Filter>HTML Help Topics</Filter>
    </None>
    <None Include="hlp\menu_edit.htm">
      <Filter>HTML Help Topics</Filter>
    </None>
    <None Include="hlp\menu_file.htm">
      <Filter>HTML Help Topics</Filter>
    </None>
    <None Include="hlp\menu_help.htm">
      <Filter>HTML Help Topics</Filter>
    </None>
    <None Include="hlp\menu_view.htm">
      <Filter>HTML Help Topics</Filter>
    </None>
    <None Include="hlp\menu_window.htm">
      <Filter>HTML Help Topics</Filter>
    </None>
    <None Include="hlp\scrollbars.htm">
      <Filter>HTML Help Topics</Filter>
    </None>
    <None Include="theWheel.reg" />
  </ItemGroup>
  <ItemGroup>
    <Text Include="ReadMe.txt" />
  </ItemGroup>
  <ItemGroup>
    <CustomBuild Include="Resource.h">
      <Filter>Header Files</Filter>
    </CustomBuild>
    <CustomBuild Include="hlp\theWheel.hhp">
      <Filter>HTML Help Files</Filter>
    </CustomBuild>
  </ItemGroup>
</Project>