
Microsoft Visual Studio Solution File, Format Version 9.00
# Visual Studio 2005
Project("{FAE04EC0-301F-11D3-BF4B-00C04F79EFBC}") = "TagMap08", "TagMap08.csproj", "{C8DC454B-D2C7-4345-AB7C-7A01C766E3CD}"
	ProjectSection(WebsiteProperties) = preProject
		Debug.AspNetCompiler.Debug = "True"
		Release.AspNetCompiler.Debug = "False"
	EndProjectSection
EndProject
Global
	GlobalSection(SolutionConfigurationPlatforms) = preSolution
		Debug|Any CPU = Debug|Any CPU
		Release|Any CPU = Release|Any CPU
	EndGlobalSection
	GlobalSection(ProjectConfigurationPlatforms) = postSolution
		{C8DC454B-D2C7-4345-AB7C-7A01C766E3CD}.Debug|Any CPU.ActiveCfg = Debug|Any CPU
		{C8DC454B-D2C7-4345-AB7C-7A01C766E3CD}.Debug|Any CPU.Build.0 = Debug|Any CPU
		{C8DC454B-D2C7-4345-AB7C-7A01C766E3CD}.Release|Any CPU.ActiveCfg = Release|Any CPU
		{C8DC454B-D2C7-4345-AB7C-7A01C766E3CD}.Release|Any CPU.Build.0 = Release|Any CPU
	EndGlobalSection
	GlobalSection(SolutionProperties) = preSolution
		HideSolutionNode = FALSE
	EndGlobalSection
EndGlobal
