<?xml version="1.0" encoding="utf-8"?>
<Project ToolsVersion="4.0" xmlns="http://schemas.microsoft.com/developer/msbuild/2003">
  <ItemGroup>
    <Filter Include="Source Files">
      <UniqueIdentifier>{bb544a83-ade4-4eba-80d5-19e28262345a}</UniqueIdentifier>
      <Extensions>cpp;c;cxx;rc;def;r;odl;idl;hpj;bat</Extensions>
    </Filter>
    <Filter Include="Header Files">
      <UniqueIdentifier>{f7a85a4b-8eef-46ca-9952-887573823bb1}</UniqueIdentifier>
      <Extensions>h;hpp;hxx;hm;inl</Extensions>
    </Filter>
  </ItemGroup>
  <ItemGroup>
    <ClCompile Include="BrentOptimizer.cpp">
      <Filter>Source Files</Filter>
    </ClCompile>
    <ClCompile Include="ConjGradOptimizer.cpp">
      <Filter>Source Files</Filter>
    </ClCompile>
    <ClCompile Include="CubicInterpOptimizer.cpp">
      <Filter>Source Files</Filter>
    </ClCompile>
    <ClCompile Include="DFPOptimizer.cpp">
      <Filter>Source Files</Filter>
    </ClCompile>
    <ClCompile Include="GradDescOptimizer.cpp">
      <Filter>Source Files</Filter>
    </ClCompile>
    <ClCompile Include="LineFunction.cpp">
      <Filter>Source Files</Filter>
    </ClCompile>
    <ClCompile Include="ObjectiveFunction.cpp">
      <Filter>Source Files</Filter>
    </ClCompile>
    <ClCompile Include="Optimizer.cpp">
      <Filter>Source Files</Filter>
    </ClCompile>
    <ClCompile Include="PowellOptimizer.cpp">
      <Filter>Source Files</Filter>
    </ClCompile>
    <ClCompile Include="StdAfx.cpp">
      <Filter>Source Files</Filter>
    </ClCompile>
  </ItemGroup>
  <ItemGroup>
    <ClInclude Include="include\BrentOptimizer.h">
      <Filter>Header Files</Filter>
    </ClInclude>
    <ClInclude Include="include\ConjGradOptimizer.h">
      <Filter>Header Files</Filter>
    </ClInclude>
    <ClInclude Include="include\CubicInterpOptimizer.h">
      <Filter>Header Files</Filter>
    </ClInclude>
    <ClInclude Include="include\DFPOptimizer.h">
      <Filter>Header Files</Filter>
    </ClInclude>
    <ClInclude Include="include\GradDescOptimizer.h">
      <Filter>Header Files</Filter>
    </ClInclude>
    <ClInclude Include="include\LineFunction.h">
      <Filter>Header Files</Filter>
    </ClInclude>
    <ClInclude Include="include\ObjectiveFunction.h">
      <Filter>Header Files</Filter>
    </ClInclude>
    <ClInclude Include="include\Optimizer.h">
      <Filter>Header Files</Filter>
    </ClInclude>
    <ClInclude Include="include\PowellOptimizer.h">
      <Filter>Header Files</Filter>
    </ClInclude>
    <ClInclude Include="StdAfx.h">
      <Filter>Header Files</Filter>
    </ClInclude>
  </ItemGroup>
  <ItemGroup>
    <Text Include="Readme.txt" />
  </ItemGroup>
</Project>