<?xml version="1.0" encoding="utf-8"?>
<Project ToolsVersion="4.0" xmlns="http://schemas.microsoft.com/developer/msbuild/2003">
  <ItemGroup>
    <Filter Include="Source Files">
      <UniqueIdentifier>{26c10e5f-2e99-4b7a-b4fa-302968a5f063}</UniqueIdentifier>
      <Extensions>cpp;c;cxx;rc;def;r;odl;idl;hpj;bat</Extensions>
    </Filter>
    <Filter Include="Header Files">
      <UniqueIdentifier>{60c3a98c-59a7-4559-a2d6-19ce119364a8}</UniqueIdentifier>
      <Extensions>h;hpp;hxx;hm;inl</Extensions>
    </Filter>
  </ItemGroup>
  <ItemGroup>
    <ClCompile Include="GenUtils.cpp">
      <Filter>Source Files</Filter>
    </ClCompile>
  </ItemGroup>
  <ItemGroup>
    <ClInclude Include="CastVectorD.h">
      <Filter>Header Files</Filter>
    </ClInclude>
    <ClInclude Include="ComVariantMatrix.h">
      <Filter>Header Files</Filter>
    </ClInclude>
    <ClInclude Include="GenUtils.h">
      <Filter>Header Files</Filter>
    </ClInclude>
    <ClInclude Include="MathUtil.h">
      <Filter>Header Files</Filter>
    </ClInclude>
    <ClInclude Include="MatrixD.h">
      <Filter>Header Files</Filter>
    </ClInclude>
    <ClInclude Include="MatrixNxM.h">
      <Filter>Header Files</Filter>
    </ClInclude>
    <ClInclude Include="MatrixNxM_pinv.h">
      <Filter>Header Files</Filter>
    </ClInclude>
    <ClInclude Include="MatrixOps.h">
      <Filter>Header Files</Filter>
    </ClInclude>
    <ClInclude Include="VectorD.h">
      <Filter>Header Files</Filter>
    </ClInclude>
    <ClInclude Include="VectorN.h">
      <Filter>Header Files</Filter>
    </ClInclude>
    <ClInclude Include="VectorOps.h">
      <Filter>Header Files</Filter>
    </ClInclude>
  </ItemGroup>
</Project>