<?xml version="1.0" encoding="utf-8"?>
<Project ToolsVersion="4.0" xmlns="http://schemas.microsoft.com/developer/msbuild/2003">
  <ItemGroup>
    <Filter Include="Source Files">
      <UniqueIdentifier>{f3aabeb0-47a4-4f47-b793-1943784b1f3b}</UniqueIdentifier>
      <Extensions>cpp;c;cxx;rc;def;r;odl;idl;hpj;bat</Extensions>
    </Filter>
    <Filter Include="Header Files">
      <UniqueIdentifier>{cd2107bb-be65-46bb-9111-a3b4f61b65dd}</UniqueIdentifier>
      <Extensions>h;hpp;hxx;hm;inl</Extensions>
    </Filter>
  </ItemGroup>
  <ItemGroup>
    <ClCompile Include="DDUTIL.CPP">
      <Filter>Source Files</Filter>
    </ClCompile>
    <ClCompile Include="DesigntimeTracker.cpp">
      <Filter>Source Files</Filter>
    </ClCompile>
    <ClCompile Include="Molding.cpp">
      <Filter>Source Files</Filter>
    </ClCompile>
    <ClCompile Include="NodeLayoutManager.cpp">
      <Filter>Source Files</Filter>
    </ClCompile>
    <ClCompile Include="NodeView.cpp">
      <Filter>Source Files</Filter>
    </ClCompile>
    <ClCompile Include="NodeViewSkin.cpp">
      <Filter>Source Files</Filter>
    </ClCompile>
    <ClCompile Include="RuntimeTracker.cpp">
      <Filter>Source Files</Filter>
    </ClCompile>
    <ClCompile Include="SpaceView.cpp">
      <Filter>Source Files</Filter>
    </ClCompile>
    <ClCompile Include="Spring.cpp">
      <Filter>Source Files</Filter>
    </ClCompile>
    <ClCompile Include="StdAfx.cpp">
      <Filter>Source Files</Filter>
    </ClCompile>
    <ClCompile Include="Tracker.cpp">
      <Filter>Source Files</Filter>
    </ClCompile>
  </ItemGroup>
  <ItemGroup>
    <ResourceCompile Include="THEWHEEL_VIEW.rc">
      <Filter>Source Files</Filter>
    </ResourceCompile>
  </ItemGroup>
  <ItemGroup>
    <ClInclude Include="include\DDUTIL.H">
      <Filter>Header Files</Filter>
    </ClInclude>
    <ClInclude Include="include\DesigntimeTracker.h">
      <Filter>Header Files</Filter>
    </ClInclude>
    <ClInclude Include="include\Extent.h">
      <Filter>Header Files</Filter>
    </ClInclude>
    <ClInclude Include="include\Molding.h">
      <Filter>Header Files</Filter>
    </ClInclude>
    <ClInclude Include="include\NodeLayoutManager.h">
      <Filter>Header Files</Filter>
    </ClInclude>
    <ClInclude Include="include\NodeView.h">
      <Filter>Header Files</Filter>
    </ClInclude>
    <ClInclude Include="include\NodeViewSkin.h">
      <Filter>Header Files</Filter>
    </ClInclude>
    <ClInclude Include="include\RuntimeTracker.h">
      <Filter>Header Files</Filter>
    </ClInclude>
    <ClInclude Include="include\SpaceView.h">
      <Filter>Header Files</Filter>
    </ClInclude>
    <ClInclude Include="include\Spring.h">
      <Filter>Header Files</Filter>
    </ClInclude>
    <ClInclude Include="StdAfx.h">
      <Filter>Header Files</Filter>
    </ClInclude>
    <ClInclude Include="include\THEWHEEL_VIEW_resource.h">
      <Filter>Header Files</Filter>
    </ClInclude>
    <ClInclude Include="include\Tracker.h">
      <Filter>Header Files</Filter>
    </ClInclude>
  </ItemGroup>
  <ItemGroup>
    <None Include="res\H_point.cur" />
    <None Include="res\link.cur" />
    <None Include="res\saw.cur" />
  </ItemGroup>
  <ItemGroup>
    <Text Include="Readme.txt" />
  </ItemGroup>
</Project>