
Microsoft Visual Studio Solution File, Format Version 9.00
# Visual Studio 2005
Project("{8BC9CEB8-8B4A-11D0-8D11-00A0C91BC942}") = "theWheel", "theWheel.vcproj", "{80330E9D-435B-4DB0-8C87-F410FEFBB750}"
	ProjectSection(ProjectDependencies) = postProject
		{A55F1807-92A3-40BA-A93F-09A72EDAB7C9} = {A55F1807-92A3-40BA-A93F-09A72EDAB7C9}
		{03214C2F-2423-4EDB-B713-C84F746950D1} = {03214C2F-2423-4EDB-B713-C84F746950D1}
		{EA575145-B3A6-4FD0-AE0D-C7B1EC7CD2F7} = {EA575145-B3A6-4FD0-AE0D-C7B1EC7CD2F7}
		{C7E596A2-6A2D-4E2C-BC1D-72150FAD7D16} = {C7E596A2-6A2D-4E2C-BC1D-72150FAD7D16}
		{C1731CD4-0F4D-49BE-9A5A-1AC5C19391A7} = {C1731CD4-0F4D-49BE-9A5A-1AC5C19391A7}
		{ABEB75F5-3124-498B-8F1A-9B574CA42815} = {ABEB75F5-3124-498B-8F1A-9B574CA42815}
	EndProjectSection
EndProject
Project("{8BC9CEB8-8B4A-11D0-8D11-00A0C91BC942}") = "THEWHEEL_TREEVIEW", "..\THEWHEEL_TREEVIEW\THEWHEEL_TREEVIEW.vcproj", "{C7E596A2-6A2D-4E2C-BC1D-72150FAD7D16}"
EndProject
Project("{8BC9CEB8-8B4A-11D0-8D11-00A0C91BC942}") = "THEWHEEL_VIEW", "..\THEWHEEL_VIEW\THEWHEEL_VIEW.vcproj", "{C1731CD4-0F4D-49BE-9A5A-1AC5C19391A7}"
EndProject
Project("{8BC9CEB8-8B4A-11D0-8D11-00A0C91BC942}") = "THEWHEEL_MODEL", "..\THEWHEEL_MODEL\THEWHEEL_MODEL.vcproj", "{03214C2F-2423-4EDB-B713-C84F746950D1}"
EndProject
Project("{8BC9CEB8-8B4A-11D0-8D11-00A0C91BC942}") = "OPTIMIZER_BASE", "..\OptimizeN\OPTIMIZER_BASE.vcproj", "{EA575145-B3A6-4FD0-AE0D-C7B1EC7CD2F7}"
EndProject
Project("{8BC9CEB8-8B4A-11D0-8D11-00A0C91BC942}") = "MTL", "..\MTL\MTL.vcproj", "{ABEB75F5-3124-498B-8F1A-9B574CA42815}"
EndProject
Project("{8BC9CEB8-8B4A-11D0-8D11-00A0C91BC942}") = "XMLLogging", "..\XMLLogging\XMLLogging.vcproj", "{A55F1807-92A3-40BA-A93F-09A72EDAB7C9}"
EndProject
Global
	GlobalSection(SolutionConfigurationPlatforms) = preSolution
		Debug|Win32 = Debug|Win32
		Release_f|Win32 = Release_f|Win32
		Release|Win32 = Release|Win32
	EndGlobalSection
	GlobalSection(ProjectConfigurationPlatforms) = postSolution
		{80330E9D-435B-4DB0-8C87-F410FEFBB750}.Debug|Win32.ActiveCfg = Debug|Win32
		{80330E9D-435B-4DB0-8C87-F410FEFBB750}.Debug|Win32.Build.0 = Debug|Win32
		{80330E9D-435B-4DB0-8C87-F410FEFBB750}.Release_f|Win32.ActiveCfg = Release|Win32
		{80330E9D-435B-4DB0-8C87-F410FEFBB750}.Release_f|Win32.Build.0 = Release|Win32
		{80330E9D-435B-4DB0-8C87-F410FEFBB750}.Release|Win32.ActiveCfg = Release|Win32
		{80330E9D-435B-4DB0-8C87-F410FEFBB750}.Release|Win32.Build.0 = Release|Win32
		{C7E596A2-6A2D-4E2C-BC1D-72150FAD7D16}.Debug|Win32.ActiveCfg = Debug|Win32
		{C7E596A2-6A2D-4E2C-BC1D-72150FAD7D16}.Debug|Win32.Build.0 = Debug|Win32
		{C7E596A2-6A2D-4E2C-BC1D-72150FAD7D16}.Release_f|Win32.ActiveCfg = Release_f|Win32
		{C7E596A2-6A2D-4E2C-BC1D-72150FAD7D16}.Release_f|Win32.Build.0 = Release_f|Win32
		{C7E596A2-6A2D-4E2C-BC1D-72150FAD7D16}.Release|Win32.ActiveCfg = Release|Win32
		{C7E596A2-6A2D-4E2C-BC1D-72150FAD7D16}.Release|Win32.Build.0 = Release|Win32
		{C1731CD4-0F4D-49BE-9A5A-1AC5C19391A7}.Debug|Win32.ActiveCfg = Debug|Win32
		{C1731CD4-0F4D-49BE-9A5A-1AC5C19391A7}.Debug|Win32.Build.0 = Debug|Win32
		{C1731CD4-0F4D-49BE-9A5A-1AC5C19391A7}.Release_f|Win32.ActiveCfg = Release_f|Win32
		{C1731CD4-0F4D-49BE-9A5A-1AC5C19391A7}.Release_f|Win32.Build.0 = Release_f|Win32
		{C1731CD4-0F4D-49BE-9A5A-1AC5C19391A7}.Release|Win32.ActiveCfg = Release|Win32
		{C1731CD4-0F4D-49BE-9A5A-1AC5C19391A7}.Release|Win32.Build.0 = Release|Win32
		{03214C2F-2423-4EDB-B713-C84F746950D1}.Debug|Win32.ActiveCfg = Debug|Win32
		{03214C2F-2423-4EDB-B713-C84F746950D1}.Debug|Win32.Build.0 = Debug|Win32
		{03214C2F-2423-4EDB-B713-C84F746950D1}.Release_f|Win32.ActiveCfg = Release_f|Win32
		{03214C2F-2423-4EDB-B713-C84F746950D1}.Release_f|Win32.Build.0 = Release_f|Win32
		{03214C2F-2423-4EDB-B713-C84F746950D1}.Release|Win32.ActiveCfg = Release|Win32
		{03214C2F-2423-4EDB-B713-C84F746950D1}.Release|Win32.Build.0 = Release|Win32
		{EA575145-B3A6-4FD0-AE0D-C7B1EC7CD2F7}.Debug|Win32.ActiveCfg = Debug|Win32
		{EA575145-B3A6-4FD0-AE0D-C7B1EC7CD2F7}.Debug|Win32.Build.0 = Debug|Win32
		{EA575145-B3A6-4FD0-AE0D-C7B1EC7CD2F7}.Release_f|Win32.ActiveCfg = Release_f|Win32
		{EA575145-B3A6-4FD0-AE0D-C7B1EC7CD2F7}.Release_f|Win32.Build.0 = Release_f|Win32
		{EA575145-B3A6-4FD0-AE0D-C7B1EC7CD2F7}.Release|Win32.ActiveCfg = Release|Win32
		{EA575145-B3A6-4FD0-AE0D-C7B1EC7CD2F7}.Release|Win32.Build.0 = Release|Win32
		{ABEB75F5-3124-498B-8F1A-9B574CA42815}.Debug|Win32.ActiveCfg = Debug|Win32
		{ABEB75F5-3124-498B-8F1A-9B574CA42815}.Debug|Win32.Build.0 = Debug|Win32
		{ABEB75F5-3124-498B-8F1A-9B574CA42815}.Release_f|Win32.ActiveCfg = Release_f|Win32
		{ABEB75F5-3124-498B-8F1A-9B574CA42815}.Release_f|Win32.Build.0 = Release_f|Win32
		{ABEB75F5-3124-498B-8F1A-9B574CA42815}.Release|Win32.ActiveCfg = Release|Win32
		{ABEB75F5-3124-498B-8F1A-9B574CA42815}.Release|Win32.Build.0 = Release|Win32
		{A55F1807-92A3-40BA-A93F-09A72EDAB7C9}.Debug|Win32.ActiveCfg = Debug|Win32
		{A55F1807-92A3-40BA-A93F-09A72EDAB7C9}.Debug|Win32.Build.0 = Debug|Win32
		{A55F1807-92A3-40BA-A93F-09A72EDAB7C9}.Release_f|Win32.ActiveCfg = Release_f|Win32
		{A55F1807-92A3-40BA-A93F-09A72EDAB7C9}.Release_f|Win32.Build.0 = Release_f|Win32
		{A55F1807-92A3-40BA-A93F-09A72EDAB7C9}.Release|Win32.ActiveCfg = Release|Win32
		{A55F1807-92A3-40BA-A93F-09A72EDAB7C9}.Release|Win32.Build.0 = Release|Win32
	EndGlobalSection
	GlobalSection(SolutionProperties) = preSolution
		HideSolutionNode = FALSE
	EndGlobalSection
EndGlobal
