
Microsoft Visual Studio Solution File, Format Version 9.00
# Visual Studio 2005
Project("{8BC9CEB8-8B4A-11D0-8D11-00A0C91BC942}") = "AxWheel", "AxWheel.vcproj", "{1F6E4B39-76AA-440C-A6D2-B21A2D8D6C7E}"
	ProjectSection(WebsiteProperties) = preProject
		Debug.AspNetCompiler.Debug = "True"
		Release.AspNetCompiler.Debug = "False"
	EndProjectSection
	ProjectSection(ProjectDependencies) = postProject
		{34D80D06-0C76-4DA1-B11F-73BD5FB0FCB1} = {34D80D06-0C76-4DA1-B11F-73BD5FB0FCB1}
		{1FE411BD-B9BC-484F-83EC-66A71FB61756} = {1FE411BD-B9BC-484F-83EC-66A71FB61756}
		{EB33B81F-E5DF-4CF3-A9C9-8BA3FF61B243} = {EB33B81F-E5DF-4CF3-A9C9-8BA3FF61B243}
	EndProjectSection
EndProject
Project("{8BC9CEB8-8B4A-11D0-8D11-00A0C91BC942}") = "theWheelModel", "..\theWheelModel\theWheelModel.vcproj", "{EB33B81F-E5DF-4CF3-A9C9-8BA3FF61B243}"
	ProjectSection(WebsiteProperties) = preProject
		Debug.AspNetCompiler.Debug = "True"
		Release.AspNetCompiler.Debug = "False"
	EndProjectSection
EndProject
Project("{8BC9CEB8-8B4A-11D0-8D11-00A0C91BC942}") = "OptimizeN", "..\OptimizeN\OptimizeN.vcproj", "{34D80D06-0C76-4DA1-B11F-73BD5FB0FCB1}"
	ProjectSection(WebsiteProperties) = preProject
		Debug.AspNetCompiler.Debug = "True"
		Release.AspNetCompiler.Debug = "False"
	EndProjectSection
EndProject
Project("{8BC9CEB8-8B4A-11D0-8D11-00A0C91BC942}") = "theWheelView", "..\theWheelView\theWheelView.vcproj", "{1FE411BD-B9BC-484F-83EC-66A71FB61756}"
	ProjectSection(WebsiteProperties) = preProject
		Debug.AspNetCompiler.Debug = "True"
		Release.AspNetCompiler.Debug = "False"
	EndProjectSection
EndProject
Global
	GlobalSection(SourceCodeControl) = preSolution
		SccNumberOfProjects = 3
		SccProjectUniqueName0 = ..\\theWheelModel\\theWheelModel.vcproj
		SccProjectName0 = theWheel_src
		SccLocalPath0 = ..
		SccProvider0 = MSSCCI:PushOk\u0020CVS\u0020Proxy
		CanCheckoutShared = true
		SccProjectFilePathRelativizedFromConnection0 = theWheelModel\\
		SccProjectUniqueName1 = ..\\OptimizeN\\OptimizeN.vcproj
		SccProjectName1 = Common
		SccLocalPath1 = ..
		SccProvider1 = MSSCCI:PushOk\u0020CVS\u0020Proxy
		CanCheckoutShared = true
		SccProjectFilePathRelativizedFromConnection1 = OptimizeN\\
		SccProjectUniqueName2 = ..\\theWheelView\\theWheelView.vcproj
		SccProjectName2 = theWheel_src
		SccLocalPath2 = ..
		SccProvider2 = MSSCCI:PushOk\u0020CVS\u0020Proxy
		CanCheckoutShared = true
		SccProjectFilePathRelativizedFromConnection2 = theWheelView\\
	EndGlobalSection
	GlobalSection(SolutionConfigurationPlatforms) = preSolution
		Debug|Any CPU = Debug|Any CPU
		Debug|Mixed Platforms = Debug|Mixed Platforms
		Debug|Win32 = Debug|Win32
		Release|Any CPU = Release|Any CPU
		Release|Mixed Platforms = Release|Mixed Platforms
		Release|Win32 = Release|Win32
	EndGlobalSection
	GlobalSection(ProjectConfigurationPlatforms) = postSolution
		{1F6E4B39-76AA-440C-A6D2-B21A2D8D6C7E}.Debug|Any CPU.ActiveCfg = Debug|Win32
		{1F6E4B39-76AA-440C-A6D2-B21A2D8D6C7E}.Debug|Mixed Platforms.ActiveCfg = Debug|Win32
		{1F6E4B39-76AA-440C-A6D2-B21A2D8D6C7E}.Debug|Mixed Platforms.Build.0 = Debug|Win32
		{1F6E4B39-76AA-440C-A6D2-B21A2D8D6C7E}.Debug|Win32.ActiveCfg = Debug|Win32
		{1F6E4B39-76AA-440C-A6D2-B21A2D8D6C7E}.Debug|Win32.Build.0 = Debug|Win32
		{1F6E4B39-76AA-440C-A6D2-B21A2D8D6C7E}.Release|Any CPU.ActiveCfg = Release|Win32
		{1F6E4B39-76AA-440C-A6D2-B21A2D8D6C7E}.Release|Mixed Platforms.ActiveCfg = Release|Win32
		{1F6E4B39-76AA-440C-A6D2-B21A2D8D6C7E}.Release|Mixed Platforms.Build.0 = Release|Win32
		{1F6E4B39-76AA-440C-A6D2-B21A2D8D6C7E}.Release|Win32.ActiveCfg = Release|Win32
		{1F6E4B39-76AA-440C-A6D2-B21A2D8D6C7E}.Release|Win32.Build.0 = Release|Win32
		{EB33B81F-E5DF-4CF3-A9C9-8BA3FF61B243}.Debug|Any CPU.ActiveCfg = Debug|Win32
		{EB33B81F-E5DF-4CF3-A9C9-8BA3FF61B243}.Debug|Mixed Platforms.ActiveCfg = Debug|Win32
		{EB33B81F-E5DF-4CF3-A9C9-8BA3FF61B243}.Debug|Mixed Platforms.Build.0 = Debug|Win32
		{EB33B81F-E5DF-4CF3-A9C9-8BA3FF61B243}.Debug|Win32.ActiveCfg = Debug|Win32
		{EB33B81F-E5DF-4CF3-A9C9-8BA3FF61B243}.Debug|Win32.Build.0 = Debug|Win32
		{EB33B81F-E5DF-4CF3-A9C9-8BA3FF61B243}.Release|Any CPU.ActiveCfg = Release|Win32
		{EB33B81F-E5DF-4CF3-A9C9-8BA3FF61B243}.Release|Mixed Platforms.ActiveCfg = Release|Win32
		{EB33B81F-E5DF-4CF3-A9C9-8BA3FF61B243}.Release|Mixed Platforms.Build.0 = Release|Win32
		{EB33B81F-E5DF-4CF3-A9C9-8BA3FF61B243}.Release|Win32.ActiveCfg = Release|Win32
		{EB33B81F-E5DF-4CF3-A9C9-8BA3FF61B243}.Release|Win32.Build.0 = Release|Win32
		{34D80D06-0C76-4DA1-B11F-73BD5FB0FCB1}.Debug|Any CPU.ActiveCfg = Debug|Win32
		{34D80D06-0C76-4DA1-B11F-73BD5FB0FCB1}.Debug|Mixed Platforms.ActiveCfg = Debug|Win32
		{34D80D06-0C76-4DA1-B11F-73BD5FB0FCB1}.Debug|Mixed Platforms.Build.0 = Debug|Win32
		{34D80D06-0C76-4DA1-B11F-73BD5FB0FCB1}.Debug|Win32.ActiveCfg = Debug|Win32
		{34D80D06-0C76-4DA1-B11F-73BD5FB0FCB1}.Debug|Win32.Build.0 = Debug|Win32
		{34D80D06-0C76-4DA1-B11F-73BD5FB0FCB1}.Release|Any CPU.ActiveCfg = Release|Win32
		{34D80D06-0C76-4DA1-B11F-73BD5FB0FCB1}.Release|Mixed Platforms.ActiveCfg = Release|Win32
		{34D80D06-0C76-4DA1-B11F-73BD5FB0FCB1}.Release|Mixed Platforms.Build.0 = Release|Win32
		{34D80D06-0C76-4DA1-B11F-73BD5FB0FCB1}.Release|Win32.ActiveCfg = Release|Win32
		{34D80D06-0C76-4DA1-B11F-73BD5FB0FCB1}.Release|Win32.Build.0 = Release|Win32
		{1FE411BD-B9BC-484F-83EC-66A71FB61756}.Debug|Any CPU.ActiveCfg = Debug|Win32
		{1FE411BD-B9BC-484F-83EC-66A71FB61756}.Debug|Mixed Platforms.ActiveCfg = Debug|Win32
		{1FE411BD-B9BC-484F-83EC-66A71FB61756}.Debug|Mixed Platforms.Build.0 = Debug|Win32
		{1FE411BD-B9BC-484F-83EC-66A71FB61756}.Debug|Win32.ActiveCfg = Debug|Win32
		{1FE411BD-B9BC-484F-83EC-66A71FB61756}.Debug|Win32.Build.0 = Debug|Win32
		{1FE411BD-B9BC-484F-83EC-66A71FB61756}.Release|Any CPU.ActiveCfg = Release|Win32
		{1FE411BD-B9BC-484F-83EC-66A71FB61756}.Release|Mixed Platforms.ActiveCfg = Release|Win32
		{1FE411BD-B9BC-484F-83EC-66A71FB61756}.Release|Mixed Platforms.Build.0 = Release|Win32
		{1FE411BD-B9BC-484F-83EC-66A71FB61756}.Release|Win32.ActiveCfg = Release|Win32
		{1FE411BD-B9BC-484F-83EC-66A71FB61756}.Release|Win32.Build.0 = Release|Win32
	EndGlobalSection
	GlobalSection(SolutionProperties) = preSolution
		HideSolutionNode = FALSE
	EndGlobalSection
EndGlobal
