<?xml version="1.0" encoding="utf-8"?>
<Project ToolsVersion="4.0" xmlns="http://schemas.microsoft.com/developer/msbuild/2003">
  <ItemGroup>
    <Filter Include="Source Files">
      <UniqueIdentifier>{4FC737F1-C7A5-4376-A066-2A32D752A2FF}</UniqueIdentifier>
      <Extensions>cpp;c;cc;cxx;def;odl;idl;hpj;bat;asm;asmx</Extensions>
    </Filter>
    <Filter Include="Header Files">
      <UniqueIdentifier>{93995380-89BD-4b04-88EB-625FBE52EBFB}</UniqueIdentifier>
      <Extensions>h;hpp;hxx;hm;inl;inc;xsd</Extensions>
    </Filter>
    <Filter Include="Resource Files">
      <UniqueIdentifier>{67DA6AB6-F800-4c08-8B7A-83BB121AAD01}</UniqueIdentifier>
      <Extensions>rc;ico;cur;bmp;dlg;rc2;rct;bin;rgs;gif;jpg;jpeg;jpe;resx;tiff;tif;png;wav</Extensions>
    </Filter>
  </ItemGroup>
  <ItemGroup>
    <ClCompile Include="DDUTIL.CPP">
      <Filter>Source Files</Filter>
    </ClCompile>
    <ClCompile Include="DesigntimeTracker.cpp">
      <Filter>Source Files</Filter>
    </ClCompile>
    <ClCompile Include="Elliptangle.cpp">
      <Filter>Source Files</Filter>
    </ClCompile>
    <ClCompile Include="Molding.cpp">
      <Filter>Source Files</Filter>
    </ClCompile>
    <ClCompile Include="NodeLayoutManager.cpp">
      <Filter>Source Files</Filter>
    </ClCompile>
    <ClCompile Include="NodeView.cpp">
      <Filter>Source Files</Filter>
    </ClCompile>
    <ClCompile Include="NodeViewSkin.cpp">
      <Filter>Source Files</Filter>
    </ClCompile>
    <ClCompile Include="NodeViewSkin2.cpp">
      <Filter>Source Files</Filter>
    </ClCompile>
    <ClCompile Include="Plaque.cpp">
      <Filter>Source Files</Filter>
    </ClCompile>
    <ClCompile Include="RadialShape.cpp">
      <Filter>Source Files</Filter>
    </ClCompile>
    <ClCompile Include="RuntimeTracker.cpp">
      <Filter>Source Files</Filter>
    </ClCompile>
    <ClCompile Include="SpaceView.cpp">
      <Filter>Source Files</Filter>
    </ClCompile>
    <ClCompile Include="Spring.cpp">
      <Filter>Source Files</Filter>
    </ClCompile>
    <ClCompile Include="stdafx.cpp">
      <Filter>Source Files</Filter>
    </ClCompile>
    <ClCompile Include="Tracker.cpp">
      <Filter>Source Files</Filter>
    </ClCompile>
  </ItemGroup>
  <ItemGroup>
    <ClInclude Include="include\DDUTIL.H">
      <Filter>Header Files</Filter>
    </ClInclude>
    <ClInclude Include="include\DesigntimeTracker.h">
      <Filter>Header Files</Filter>
    </ClInclude>
    <ClInclude Include="include\Elliptangle.h">
      <Filter>Header Files</Filter>
    </ClInclude>
    <ClInclude Include="include\Molding.h">
      <Filter>Header Files</Filter>
    </ClInclude>
    <ClInclude Include="include\NodeLayoutManager.h">
      <Filter>Header Files</Filter>
    </ClInclude>
    <ClInclude Include="include\NodeView.h">
      <Filter>Header Files</Filter>
    </ClInclude>
    <ClInclude Include="include\NodeViewSkin.h">
      <Filter>Header Files</Filter>
    </ClInclude>
    <ClInclude Include="include\NodeViewSkin2.h">
      <Filter>Header Files</Filter>
    </ClInclude>
    <ClInclude Include="include\Plaque.h">
      <Filter>Header Files</Filter>
    </ClInclude>
    <ClInclude Include="include\RadialShape.h">
      <Filter>Header Files</Filter>
    </ClInclude>
    <ClInclude Include="include\RuntimeTracker.h">
      <Filter>Header Files</Filter>
    </ClInclude>
    <ClInclude Include="include\SpaceView.h">
      <Filter>Header Files</Filter>
    </ClInclude>
    <ClInclude Include="include\Spring.h">
      <Filter>Header Files</Filter>
    </ClInclude>
    <ClInclude Include="stdafx.h">
      <Filter>Header Files</Filter>
    </ClInclude>
    <ClInclude Include="THEWHEEL_VIEW_resource.h">
      <Filter>Header Files</Filter>
    </ClInclude>
    <ClInclude Include="include\Tracker.h">
      <Filter>Header Files</Filter>
    </ClInclude>
    <ClInclude Include="D3DXImpl.h">
      <Filter>Header Files</Filter>
    </ClInclude>
  </ItemGroup>
  <ItemGroup>
    <None Include="res\H_point.cur">
      <Filter>Resource Files</Filter>
    </None>
    <None Include="res\link.cur">
      <Filter>Resource Files</Filter>
    </None>
    <None Include="res\saw.cur">
      <Filter>Resource Files</Filter>
    </None>
    <None Include="ClassDiagram.cd" />
  </ItemGroup>
  <ItemGroup>
    <Image Include="res\node.bmp">
      <Filter>Resource Files</Filter>
    </Image>
    <Image Include="res\space.bmp">
      <Filter>Resource Files</Filter>
    </Image>
  </ItemGroup>
  <ItemGroup>
    <ResourceCompile Include="theWheelView.rc">
      <Filter>Resource Files</Filter>
    </ResourceCompile>
  </ItemGroup>
  <ItemGroup>
    <Text Include="ReadMe.txt" />
  </ItemGroup>
</Project>