<?xml version="1.0" encoding="utf-8"?>
<Project ToolsVersion="4.0" xmlns="http://schemas.microsoft.com/developer/msbuild/2003">
  <ItemGroup>
    <Filter Include="Source Files">
      <UniqueIdentifier>{4FC737F1-C7A5-4376-A066-2A32D752A2FF}</UniqueIdentifier>
      <Extensions>cpp;c;cc;cxx;def;odl;idl;hpj;bat;asm;asmx</Extensions>
    </Filter>
    <Filter Include="Header Files">
      <UniqueIdentifier>{93995380-89BD-4b04-88EB-625FBE52EBFB}</UniqueIdentifier>
      <Extensions>h;hpp;hxx;hm;inl;inc;xsd</Extensions>
    </Filter>
    <Filter Include="Resource Files">
      <UniqueIdentifier>{67DA6AB6-F800-4c08-8B7A-83BB121AAD01}</UniqueIdentifier>
      <Extensions>rc;ico;cur;bmp;dlg;rc2;rct;bin;rgs;gif;jpg;jpeg;jpe;resx;tiff;tif;png;wav</Extensions>
    </Filter>
  </ItemGroup>
  <ItemGroup>
    <ClCompile Include="BrentOptimizer.cpp">
      <Filter>Source Files</Filter>
    </ClCompile>
    <ClCompile Include="ConjGradOptimizer.cpp">
      <Filter>Source Files</Filter>
    </ClCompile>
    <ClCompile Include="GradDescOptimizer.cpp">
      <Filter>Source Files</Filter>
    </ClCompile>
    <ClCompile Include="LineFunction.cpp">
      <Filter>Source Files</Filter>
    </ClCompile>
    <ClCompile Include="ObjectiveFunction.cpp">
      <Filter>Source Files</Filter>
    </ClCompile>
    <ClCompile Include="Optimizer.cpp">
      <Filter>Source Files</Filter>
    </ClCompile>
    <ClCompile Include="PowellOptimizer.cpp">
      <Filter>Source Files</Filter>
    </ClCompile>
    <ClCompile Include="stdafx.cpp">
      <Filter>Source Files</Filter>
    </ClCompile>
  </ItemGroup>
  <ItemGroup>
    <ClInclude Include="include\BrentOptimizer.h">
      <Filter>Header Files</Filter>
    </ClInclude>
    <ClInclude Include="include\ConjGradOptimizer.h">
      <Filter>Header Files</Filter>
    </ClInclude>
    <ClInclude Include="include\GradDescOptimizer.h">
      <Filter>Header Files</Filter>
    </ClInclude>
    <ClInclude Include="include\LineFunction.h">
      <Filter>Header Files</Filter>
    </ClInclude>
    <ClInclude Include="include\MathUtil.h">
      <Filter>Header Files</Filter>
    </ClInclude>
    <ClInclude Include="include\MatrixNxM.h">
      <Filter>Header Files</Filter>
    </ClInclude>
    <ClInclude Include="include\MatrixOps.h">
      <Filter>Header Files</Filter>
    </ClInclude>
    <ClInclude Include="include\ObjectiveFunction.h">
      <Filter>Header Files</Filter>
    </ClInclude>
    <ClInclude Include="include\Optimizer.h">
      <Filter>Header Files</Filter>
    </ClInclude>
    <ClInclude Include="include\PowellOptimizer.h">
      <Filter>Header Files</Filter>
    </ClInclude>
    <ClInclude Include="include\Pseudoinverse.h">
      <Filter>Header Files</Filter>
    </ClInclude>
    <ClInclude Include="stdafx.h">
      <Filter>Header Files</Filter>
    </ClInclude>
    <ClInclude Include="include\UtilMacros.h">
      <Filter>Header Files</Filter>
    </ClInclude>
    <ClInclude Include="include\VectorN.h">
      <Filter>Header Files</Filter>
    </ClInclude>
    <ClInclude Include="include\VectorOps.h">
      <Filter>Header Files</Filter>
    </ClInclude>
  </ItemGroup>
  <ItemGroup>
    <Text Include="ReadMe.txt" />
  </ItemGroup>
</Project>